
Microsoft Visual Studio Solution File, Format Version 12.00
# Visual Studio 14
VisualStudioVersion = 14.0.22823.1
MinimumVisualStudioVersion = 10.0.40219.1
Project("{FAE04EC0-301F-11D3-BF4B-00C04F79EFBC}") = "Trainer", "Authentication\Trainer.csproj", "{700BD827-AA80-427E-9D06-5EE041ADA66E}"
EndProject
Project("{FAE04EC0-301F-11D3-BF4B-00C04F79EFBC}") = "ClientLibrary", "ClientLibrary\ClientLibrary.csproj", "{25D58BA5-660F-407B-803C-22B4547C09DC}"
EndProject
Project("{FAE04EC0-301F-11D3-BF4B-00C04F79EFBC}") = "Client", "Client\Client.csproj", "{F1D2E3D1-FBF0-4A8B-A7C0-AA94DF2E8BCE}"
EndProject
Project("{FAE04EC0-301F-11D3-BF4B-00C04F79EFBC}") = "Basic", "Basic\Basic.csproj", "{F7D95780-1943-4718-A68E-42D5BF340725}"
EndProject
Project("{FAE04EC0-301F-11D3-BF4B-00C04F79EFBC}") = "FaceAnalysis", "..\FaceAnalysis\FaceAnalysis\FaceAnalysis\FaceAnalysis.csproj", "{467D5435-EDDA-4116-8064-FCF1B5FB35BA}"
EndProject
Global
	GlobalSection(SolutionConfigurationPlatforms) = preSolution
		Debug|Any CPU = Debug|Any CPU
		Release|Any CPU = Release|Any CPU
	EndGlobalSection
	GlobalSection(ProjectConfigurationPlatforms) = postSolution
		{700BD827-AA80-427E-9D06-5EE041ADA66E}.Debug|Any CPU.ActiveCfg = Debug|Any CPU
		{700BD827-AA80-427E-9D06-5EE041ADA66E}.Debug|Any CPU.Build.0 = Debug|Any CPU
		{700BD827-AA80-427E-9D06-5EE041ADA66E}.Release|Any CPU.ActiveCfg = Release|Any CPU
		{700BD827-AA80-427E-9D06-5EE041ADA66E}.Release|Any CPU.Build.0 = Release|Any CPU
		{25D58BA5-660F-407B-803C-22B4547C09DC}.Debug|Any CPU.ActiveCfg = Debug|Any CPU
		{25D58BA5-660F-407B-803C-22B4547C09DC}.Debug|Any CPU.Build.0 = Debug|Any CPU
		{25D58BA5-660F-407B-803C-22B4547C09DC}.Release|Any CPU.ActiveCfg = Release|Any CPU
		{25D58BA5-660F-407B-803C-22B4547C09DC}.Release|Any CPU.Build.0 = Release|Any CPU
		{F1D2E3D1-FBF0-4A8B-A7C0-AA94DF2E8BCE}.Debug|Any CPU.ActiveCfg = Debug|Any CPU
		{F1D2E3D1-FBF0-4A8B-A7C0-AA94DF2E8BCE}.Debug|Any CPU.Build.0 = Debug|Any CPU
		{F1D2E3D1-FBF0-4A8B-A7C0-AA94DF2E8BCE}.Release|Any CPU.ActiveCfg = Release|Any CPU
		{F1D2E3D1-FBF0-4A8B-A7C0-AA94DF2E8BCE}.Release|Any CPU.Build.0 = Release|Any CPU
		{F7D95780-1943-4718-A68E-42D5BF340725}.Debug|Any CPU.ActiveCfg = Debug|Any CPU
		{F7D95780-1943-4718-A68E-42D5BF340725}.Debug|Any CPU.Build.0 = Debug|Any CPU
		{F7D95780-1943-4718-A68E-42D5BF340725}.Release|Any CPU.ActiveCfg = Release|Any CPU
		{F7D95780-1943-4718-A68E-42D5BF340725}.Release|Any CPU.Build.0 = Release|Any CPU
		{467D5435-EDDA-4116-8064-FCF1B5FB35BA}.Debug|Any CPU.ActiveCfg = Debug|Any CPU
		{467D5435-EDDA-4116-8064-FCF1B5FB35BA}.Debug|Any CPU.Build.0 = Debug|Any CPU
		{467D5435-EDDA-4116-8064-FCF1B5FB35BA}.Release|Any CPU.ActiveCfg = Release|Any CPU
		{467D5435-EDDA-4116-8064-FCF1B5FB35BA}.Release|Any CPU.Build.0 = Release|Any CPU
	EndGlobalSection
	GlobalSection(SolutionProperties) = preSolution
		HideSolutionNode = FALSE
	EndGlobalSection
EndGlobal
